
Microsoft Visual Studio Solution File, Format Version 12.00
# Visual Studio 15
VisualStudioVersion = 15.0.28307.572
MinimumVisualStudioVersion = 10.0.40219.1
Project("{FAE04EC0-301F-11D3-BF4B-00C04F79EFBC}") = "challenge-samsung", "challenge-samsung\challenge-samsung.csproj", "{272EEF08-0805-41CB-8082-B99004FBA8A1}"
EndProject
Global
	GlobalSection(SolutionConfigurationPlatforms) = preSolution
		Debug|Any CPU = Debug|Any CPU
		Release|Any CPU = Release|Any CPU
	EndGlobalSection
	GlobalSection(ProjectConfigurationPlatforms) = postSolution
		{272EEF08-0805-41CB-8082-B99004FBA8A1}.Debug|Any CPU.ActiveCfg = Debug|Any CPU
		{272EEF08-0805-41CB-8082-B99004FBA8A1}.Debug|Any CPU.Build.0 = Debug|Any CPU
		{272EEF08-0805-41CB-8082-B99004FBA8A1}.Release|Any CPU.ActiveCfg = Release|Any CPU
		{272EEF08-0805-41CB-8082-B99004FBA8A1}.Release|Any CPU.Build.0 = Release|Any CPU
	EndGlobalSection
	GlobalSection(SolutionProperties) = preSolution
		HideSolutionNode = FALSE
	EndGlobalSection
	GlobalSection(ExtensibilityGlobals) = postSolution
		SolutionGuid = {247D33FC-A2B3-4655-AB1F-FD4F31825506}
	EndGlobalSection
EndGlobal
